// !$*UTF8*$!
{
	archiveVersion = 1;
	classes = {
	};
	objectVersion = 46;
	objects = {

/* Begin PBXBuildFile section */
		C45A9146177702C800DB5EDA /* MobileCoreServices.framework in Frameworks */ = {isa = PBXBuildFile; fileRef = C45A9145177702C800DB5EDA /* MobileCoreServices.framework */; };
		C45A9148177702CE00DB5EDA /* SystemConfiguration.framework in Frameworks */ = {isa = PBXBuildFile; fileRef = C45A9147177702CE00DB5EDA /* SystemConfiguration.framework */; };
		C4BC47A9156FB08600EA15F7 /* Foundation.framework in Frameworks */ = {isa = PBXBuildFile; fileRef = C4BC47A8156FB08600EA15F7 /* Foundation.framework */; };
		C4BC47AF156FB08600EA15F7 /* NRGramKit.m in Sources */ = {isa = PBXBuildFile; fileRef = C4BC47AE156FB08600EA15F7 /* NRGramKit.m */; };
		C4BC47CA156FB0DF00EA15F7 /* InstagramEngine.h in Headers */ = {isa = PBXBuildFile; fileRef = C4BC47C6156FB0DF00EA15F7 /* InstagramEngine.h */; };
		C4BC47CB156FB0DF00EA15F7 /* InstagramEngine.m in Sources */ = {isa = PBXBuildFile; fileRef = C4BC47C7156FB0DF00EA15F7 /* InstagramEngine.m */; };
		C4BC47CC156FB0DF00EA15F7 /* InstagramLoginDelegate.h in Headers */ = {isa = PBXBuildFile; fileRef = C4BC47C8156FB0DF00EA15F7 /* InstagramLoginDelegate.h */; };
		C4BC47CD156FB0DF00EA15F7 /* InstagramLoginDelegate.m in Sources */ = {isa = PBXBuildFile; fileRef = C4BC47C9156FB0DF00EA15F7 /* InstagramLoginDelegate.m */; };
		C4BC47FC156FB16200EA15F7 /* IGComment.h in Headers */ = {isa = PBXBuildFile; fileRef = C4BC47E8156FB16200EA15F7 /* IGComment.h */; };
		C4BC47FD156FB16200EA15F7 /* IGComment.m in Sources */ = {isa = PBXBuildFile; fileRef = C4BC47E9156FB16200EA15F7 /* IGComment.m */; };
		C4BC47FE156FB16200EA15F7 /* IGImage.h in Headers */ = {isa = PBXBuildFile; fileRef = C4BC47EA156FB16200EA15F7 /* IGImage.h */; };
		C4BC47FF156FB16200EA15F7 /* IGImage.m in Sources */ = {isa = PBXBuildFile; fileRef = C4BC47EB156FB16200EA15F7 /* IGImage.m */; };
		C4BC4800156FB16200EA15F7 /* IGLocation.h in Headers */ = {isa = PBXBuildFile; fileRef = C4BC47EC156FB16200EA15F7 /* IGLocation.h */; };
		C4BC4801156FB16200EA15F7 /* IGLocation.m in Sources */ = {isa = PBXBuildFile; fileRef = C4BC47ED156FB16200EA15F7 /* IGLocation.m */; };
		C4BC4802156FB16200EA15F7 /* IGMedia.h in Headers */ = {isa = PBXBuildFile; fileRef = C4BC47EE156FB16200EA15F7 /* IGMedia.h */; };
		C4BC4803156FB16200EA15F7 /* IGMedia.m in Sources */ = {isa = PBXBuildFile; fileRef = C4BC47EF156FB16200EA15F7 /* IGMedia.m */; };
		C4BC4804156FB16200EA15F7 /* IGMetadata.h in Headers */ = {isa = PBXBuildFile; fileRef = C4BC47F0156FB16200EA15F7 /* IGMetadata.h */; };
		C4BC4805156FB16200EA15F7 /* IGMetadata.m in Sources */ = {isa = PBXBuildFile; fileRef = C4BC47F1156FB16200EA15F7 /* IGMetadata.m */; };
		C4BC4806156FB16200EA15F7 /* IGPagination.h in Headers */ = {isa = PBXBuildFile; fileRef = C4BC47F2156FB16200EA15F7 /* IGPagination.h */; };
		C4BC4807156FB16200EA15F7 /* IGPagination.m in Sources */ = {isa = PBXBuildFile; fileRef = C4BC47F3156FB16200EA15F7 /* IGPagination.m */; };
		C4BC4808156FB16200EA15F7 /* IGSubscription.h in Headers */ = {isa = PBXBuildFile; fileRef = C4BC47F4156FB16200EA15F7 /* IGSubscription.h */; };
		C4BC4809156FB16200EA15F7 /* IGSubscription.m in Sources */ = {isa = PBXBuildFile; fileRef = C4BC47F5156FB16200EA15F7 /* IGSubscription.m */; };
		C4BC480A156FB16200EA15F7 /* IGTag.h in Headers */ = {isa = PBXBuildFile; fileRef = C4BC47F6156FB16200EA15F7 /* IGTag.h */; };
		C4BC480B156FB16200EA15F7 /* IGTag.m in Sources */ = {isa = PBXBuildFile; fileRef = C4BC47F7156FB16200EA15F7 /* IGTag.m */; };
		C4BC480C156FB16200EA15F7 /* IGUser.h in Headers */ = {isa = PBXBuildFile; fileRef = C4BC47F8156FB16200EA15F7 /* IGUser.h */; };
		C4BC480D156FB16200EA15F7 /* IGUser.m in Sources */ = {isa = PBXBuildFile; fileRef = C4BC47F9156FB16200EA15F7 /* IGUser.m */; };
		C4BC480E156FB16200EA15F7 /* Notification.h in Headers */ = {isa = PBXBuildFile; fileRef = C4BC47FA156FB16200EA15F7 /* Notification.h */; };
		C4BC480F156FB16200EA15F7 /* Notification.m in Sources */ = {isa = PBXBuildFile; fileRef = C4BC47FB156FB16200EA15F7 /* Notification.m */; };
		F0736808A5E14CA2AC30DFA0 /* libPods.a in Frameworks */ = {isa = PBXBuildFile; fileRef = F4009C748D8A476EB129AAA2 /* libPods.a */; };
/* End PBXBuildFile section */

/* Begin PBXFileReference section */
		BEDDD505C96F40DBA74EBA5B /* Pods.xcconfig */ = {isa = PBXFileReference; includeInIndex = 1; lastKnownFileType = text.xcconfig; name = Pods.xcconfig; path = Pods/Pods.xcconfig; sourceTree = SOURCE_ROOT; };
		C45A913D1776F78200DB5EDA /* NRGramKit.podspec */ = {isa = PBXFileReference; lastKnownFileType = text; path = NRGramKit.podspec; sourceTree = "<group>"; xcLanguageSpecificationIdentifier = xcode.lang.ruby; };
		C45A913E1776F7E800DB5EDA /* Podfile */ = {isa = PBXFileReference; fileEncoding = 4; lastKnownFileType = text; path = Podfile; sourceTree = "<group>"; xcLanguageSpecificationIdentifier = xcode.lang.ruby; };
		C45A9145177702C800DB5EDA /* MobileCoreServices.framework */ = {isa = PBXFileReference; lastKnownFileType = wrapper.framework; name = MobileCoreServices.framework; path = System/Library/Frameworks/MobileCoreServices.framework; sourceTree = SDKROOT; };
		C45A9147177702CE00DB5EDA /* SystemConfiguration.framework */ = {isa = PBXFileReference; lastKnownFileType = wrapper.framework; name = SystemConfiguration.framework; path = System/Library/Frameworks/SystemConfiguration.framework; sourceTree = SDKROOT; };
		C45A91491777054C00DB5EDA /* NRGramKitConfigs.plist */ = {isa = PBXFileReference; fileEncoding = 4; lastKnownFileType = text.plist.xml; path = NRGramKitConfigs.plist; sourceTree = "<group>"; };
		C4BC47A5156FB08600EA15F7 /* libNRGramKit.a */ = {isa = PBXFileReference; explicitFileType = archive.ar; includeInIndex = 0; path = libNRGramKit.a; sourceTree = BUILT_PRODUCTS_DIR; };
		C4BC47A8156FB08600EA15F7 /* Foundation.framework */ = {isa = PBXFileReference; lastKnownFileType = wrapper.framework; name = Foundation.framework; path = System/Library/Frameworks/Foundation.framework; sourceTree = SDKROOT; };
		C4BC47AC156FB08600EA15F7 /* NRGramKit-Prefix.pch */ = {isa = PBXFileReference; lastKnownFileType = sourcecode.c.h; path = "NRGramKit-Prefix.pch"; sourceTree = "<group>"; };
		C4BC47AD156FB08600EA15F7 /* NRGramKit.h */ = {isa = PBXFileReference; lastKnownFileType = sourcecode.c.h; path = NRGramKit.h; sourceTree = "<group>"; };
		C4BC47AE156FB08600EA15F7 /* NRGramKit.m */ = {isa = PBXFileReference; lastKnownFileType = sourcecode.c.objc; lineEnding = 0; path = NRGramKit.m; sourceTree = "<group>"; xcLanguageSpecificationIdentifier = xcode.lang.objc; };
		C4BC47C6156FB0DF00EA15F7 /* InstagramEngine.h */ = {isa = PBXFileReference; fileEncoding = 4; lastKnownFileType = sourcecode.c.h; path = InstagramEngine.h; sourceTree = "<group>"; };
		C4BC47C7156FB0DF00EA15F7 /* InstagramEngine.m */ = {isa = PBXFileReference; fileEncoding = 4; lastKnownFileType = sourcecode.c.objc; path = InstagramEngine.m; sourceTree = "<group>"; };
		C4BC47C8156FB0DF00EA15F7 /* InstagramLoginDelegate.h */ = {isa = PBXFileReference; fileEncoding = 4; lastKnownFileType = sourcecode.c.h; path = InstagramLoginDelegate.h; sourceTree = "<group>"; };
		C4BC47C9156FB0DF00EA15F7 /* InstagramLoginDelegate.m */ = {isa = PBXFileReference; fileEncoding = 4; lastKnownFileType = sourcecode.c.objc; path = InstagramLoginDelegate.m; sourceTree = "<group>"; };
		C4BC47E8156FB16200EA15F7 /* IGComment.h */ = {isa = PBXFileReference; fileEncoding = 4; lastKnownFileType = sourcecode.c.h; path = IGComment.h; sourceTree = "<group>"; };
		C4BC47E9156FB16200EA15F7 /* IGComment.m */ = {isa = PBXFileReference; fileEncoding = 4; lastKnownFileType = sourcecode.c.objc; path = IGComment.m; sourceTree = "<group>"; };
		C4BC47EA156FB16200EA15F7 /* IGImage.h */ = {isa = PBXFileReference; fileEncoding = 4; lastKnownFileType = sourcecode.c.h; path = IGImage.h; sourceTree = "<group>"; };
		C4BC47EB156FB16200EA15F7 /* IGImage.m */ = {isa = PBXFileReference; fileEncoding = 4; lastKnownFileType = sourcecode.c.objc; path = IGImage.m; sourceTree = "<group>"; };
		C4BC47EC156FB16200EA15F7 /* IGLocation.h */ = {isa = PBXFileReference; fileEncoding = 4; lastKnownFileType = sourcecode.c.h; path = IGLocation.h; sourceTree = "<group>"; };
		C4BC47ED156FB16200EA15F7 /* IGLocation.m */ = {isa = PBXFileReference; fileEncoding = 4; lastKnownFileType = sourcecode.c.objc; path = IGLocation.m; sourceTree = "<group>"; };
		C4BC47EE156FB16200EA15F7 /* IGMedia.h */ = {isa = PBXFileReference; fileEncoding = 4; lastKnownFileType = sourcecode.c.h; path = IGMedia.h; sourceTree = "<group>"; };
		C4BC47EF156FB16200EA15F7 /* IGMedia.m */ = {isa = PBXFileReference; fileEncoding = 4; lastKnownFileType = sourcecode.c.objc; path = IGMedia.m; sourceTree = "<group>"; };
		C4BC47F0156FB16200EA15F7 /* IGMetadata.h */ = {isa = PBXFileReference; fileEncoding = 4; lastKnownFileType = sourcecode.c.h; path = IGMetadata.h; sourceTree = "<group>"; };
		C4BC47F1156FB16200EA15F7 /* IGMetadata.m */ = {isa = PBXFileReference; fileEncoding = 4; lastKnownFileType = sourcecode.c.objc; path = IGMetadata.m; sourceTree = "<group>"; };
		C4BC47F2156FB16200EA15F7 /* IGPagination.h */ = {isa = PBXFileReference; fileEncoding = 4; lastKnownFileType = sourcecode.c.h; path = IGPagination.h; sourceTree = "<group>"; };
		C4BC47F3156FB16200EA15F7 /* IGPagination.m */ = {isa = PBXFileReference; fileEncoding = 4; lastKnownFileType = sourcecode.c.objc; path = IGPagination.m; sourceTree = "<group>"; };
		C4BC47F4156FB16200EA15F7 /* IGSubscription.h */ = {isa = PBXFileReference; fileEncoding = 4; lastKnownFileType = sourcecode.c.h; path = IGSubscription.h; sourceTree = "<group>"; };
		C4BC47F5156FB16200EA15F7 /* IGSubscription.m */ = {isa = PBXFileReference; fileEncoding = 4; lastKnownFileType = sourcecode.c.objc; path = IGSubscription.m; sourceTree = "<group>"; };
		C4BC47F6156FB16200EA15F7 /* IGTag.h */ = {isa = PBXFileReference; fileEncoding = 4; lastKnownFileType = sourcecode.c.h; path = IGTag.h; sourceTree = "<group>"; };
		C4BC47F7156FB16200EA15F7 /* IGTag.m */ = {isa = PBXFileReference; fileEncoding = 4; lastKnownFileType = sourcecode.c.objc; path = IGTag.m; sourceTree = "<group>"; };
		C4BC47F8156FB16200EA15F7 /* IGUser.h */ = {isa = PBXFileReference; fileEncoding = 4; lastKnownFileType = sourcecode.c.h; path = IGUser.h; sourceTree = "<group>"; };
		C4BC47F9156FB16200EA15F7 /* IGUser.m */ = {isa = PBXFileReference; fileEncoding = 4; lastKnownFileType = sourcecode.c.objc; path = IGUser.m; sourceTree = "<group>"; };
		C4BC47FA156FB16200EA15F7 /* Notification.h */ = {isa = PBXFileReference; fileEncoding = 4; lastKnownFileType = sourcecode.c.h; path = Notification.h; sourceTree = "<group>"; };
		C4BC47FB156FB16200EA15F7 /* Notification.m */ = {isa = PBXFileReference; fileEncoding = 4; lastKnownFileType = sourcecode.c.objc; path = Notification.m; sourceTree = "<group>"; };
		F4009C748D8A476EB129AAA2 /* libPods.a */ = {isa = PBXFileReference; explicitFileType = archive.ar; includeInIndex = 0; path = libPods.a; sourceTree = BUILT_PRODUCTS_DIR; };
/* End PBXFileReference section */

/* Begin PBXFrameworksBuildPhase section */
		C4BC47A2156FB08600EA15F7 /* Frameworks */ = {
			isa = PBXFrameworksBuildPhase;
			buildActionMask = 2147483647;
			files = (
				C45A9148177702CE00DB5EDA /* SystemConfiguration.framework in Frameworks */,
				C45A9146177702C800DB5EDA /* MobileCoreServices.framework in Frameworks */,
				C4BC47A9156FB08600EA15F7 /* Foundation.framework in Frameworks */,
				F0736808A5E14CA2AC30DFA0 /* libPods.a in Frameworks */,
			);
			runOnlyForDeploymentPostprocessing = 0;
		};
/* End PBXFrameworksBuildPhase section */

/* Begin PBXGroup section */
		C4BC479A156FB08600EA15F7 = {
			isa = PBXGroup;
			children = (
				C45A9147177702CE00DB5EDA /* SystemConfiguration.framework */,
				C45A9145177702C800DB5EDA /* MobileCoreServices.framework */,
				C45A913E1776F7E800DB5EDA /* Podfile */,
				C45A913D1776F78200DB5EDA /* NRGramKit.podspec */,
				C45A91491777054C00DB5EDA /* NRGramKitConfigs.plist */,
				C4BC47AA156FB08600EA15F7 /* NRGramKit */,
				C4BC47A7156FB08600EA15F7 /* Frameworks */,
				C4BC47A6156FB08600EA15F7 /* Products */,
				BEDDD505C96F40DBA74EBA5B /* Pods.xcconfig */,
			);
			sourceTree = "<group>";
		};
		C4BC47A6156FB08600EA15F7 /* Products */ = {
			isa = PBXGroup;
			children = (
				C4BC47A5156FB08600EA15F7 /* libNRGramKit.a */,
			);
			name = Products;
			sourceTree = "<group>";
		};
		C4BC47A7156FB08600EA15F7 /* Frameworks */ = {
			isa = PBXGroup;
			children = (
				C4BC47A8156FB08600EA15F7 /* Foundation.framework */,
				F4009C748D8A476EB129AAA2 /* libPods.a */,
			);
			name = Frameworks;
			sourceTree = "<group>";
		};
		C4BC47AA156FB08600EA15F7 /* NRGramKit */ = {
			isa = PBXGroup;
			children = (
				C4BC47AD156FB08600EA15F7 /* NRGramKit.h */,
				C4BC47AE156FB08600EA15F7 /* NRGramKit.m */,
				C4BC47C6156FB0DF00EA15F7 /* InstagramEngine.h */,
				C4BC47C7156FB0DF00EA15F7 /* InstagramEngine.m */,
				C4BC47C8156FB0DF00EA15F7 /* InstagramLoginDelegate.h */,
				C4BC47C9156FB0DF00EA15F7 /* InstagramLoginDelegate.m */,
				C4BC47E7156FB16200EA15F7 /* Model */,
				C4BC47AB156FB08600EA15F7 /* Supporting Files */,
			);
			path = NRGramKit;
			sourceTree = "<group>";
		};
		C4BC47AB156FB08600EA15F7 /* Supporting Files */ = {
			isa = PBXGroup;
			children = (
				C4BC47AC156FB08600EA15F7 /* NRGramKit-Prefix.pch */,
			);
			name = "Supporting Files";
			sourceTree = "<group>";
		};
		C4BC47E7156FB16200EA15F7 /* Model */ = {
			isa = PBXGroup;
			children = (
				C4BC47E8156FB16200EA15F7 /* IGComment.h */,
				C4BC47E9156FB16200EA15F7 /* IGComment.m */,
				C4BC47EA156FB16200EA15F7 /* IGImage.h */,
				C4BC47EB156FB16200EA15F7 /* IGImage.m */,
				C4BC47EC156FB16200EA15F7 /* IGLocation.h */,
				C4BC47ED156FB16200EA15F7 /* IGLocation.m */,
				C4BC47EE156FB16200EA15F7 /* IGMedia.h */,
				C4BC47EF156FB16200EA15F7 /* IGMedia.m */,
				C4BC47F0156FB16200EA15F7 /* IGMetadata.h */,
				C4BC47F1156FB16200EA15F7 /* IGMetadata.m */,
				C4BC47F2156FB16200EA15F7 /* IGPagination.h */,
				C4BC47F3156FB16200EA15F7 /* IGPagination.m */,
				C4BC47F4156FB16200EA15F7 /* IGSubscription.h */,
				C4BC47F5156FB16200EA15F7 /* IGSubscription.m */,
				C4BC47F6156FB16200EA15F7 /* IGTag.h */,
				C4BC47F7156FB16200EA15F7 /* IGTag.m */,
				C4BC47F8156FB16200EA15F7 /* IGUser.h */,
				C4BC47F9156FB16200EA15F7 /* IGUser.m */,
				C4BC47FA156FB16200EA15F7 /* Notification.h */,
				C4BC47FB156FB16200EA15F7 /* Notification.m */,
			);
			path = Model;
			sourceTree = "<group>";
		};
/* End PBXGroup section */

/* Begin PBXHeadersBuildPhase section */
		C4BC47A3156FB08600EA15F7 /* Headers */ = {
			isa = PBXHeadersBuildPhase;
			buildActionMask = 2147483647;
			files = (
				C4BC47CA156FB0DF00EA15F7 /* InstagramEngine.h in Headers */,
				C4BC47CC156FB0DF00EA15F7 /* InstagramLoginDelegate.h in Headers */,
				C4BC47FC156FB16200EA15F7 /* IGComment.h in Headers */,
				C4BC47FE156FB16200EA15F7 /* IGImage.h in Headers */,
				C4BC4800156FB16200EA15F7 /* IGLocation.h in Headers */,
				C4BC4802156FB16200EA15F7 /* IGMedia.h in Headers */,
				C4BC4804156FB16200EA15F7 /* IGMetadata.h in Headers */,
				C4BC4806156FB16200EA15F7 /* IGPagination.h in Headers */,
				C4BC4808156FB16200EA15F7 /* IGSubscription.h in Headers */,
				C4BC480A156FB16200EA15F7 /* IGTag.h in Headers */,
				C4BC480C156FB16200EA15F7 /* IGUser.h in Headers */,
				C4BC480E156FB16200EA15F7 /* Notification.h in Headers */,
			);
			runOnlyForDeploymentPostprocessing = 0;
		};
/* End PBXHeadersBuildPhase section */

/* Begin PBXNativeTarget section */
		C4BC47A4156FB08600EA15F7 /* NRGramKit */ = {
			isa = PBXNativeTarget;
			buildConfigurationList = C4BC47B2156FB08600EA15F7 /* Build configuration list for PBXNativeTarget "NRGramKit" */;
			buildPhases = (
				B4C121CB7EBA41DCAA5909FC /* Check Pods Manifest.lock */,
				C4BC47A1156FB08600EA15F7 /* Sources */,
				C4BC47A2156FB08600EA15F7 /* Frameworks */,
				C4BC47A3156FB08600EA15F7 /* Headers */,
				5856ED8B4D5346F1B2D77248 /* Copy Pods Resources */,
			);
			buildRules = (
			);
			dependencies = (
			);
			name = NRGramKit;
			productName = NRGramKit;
			productReference = C4BC47A5156FB08600EA15F7 /* libNRGramKit.a */;
			productType = "com.apple.product-type.library.static";
		};
/* End PBXNativeTarget section */

/* Begin PBXProject section */
		C4BC479C156FB08600EA15F7 /* Project object */ = {
			isa = PBXProject;
			attributes = {
				LastUpgradeCheck = 0460;
				ORGANIZATIONNAME = NextRoot;
			};
			buildConfigurationList = C4BC479F156FB08600EA15F7 /* Build configuration list for PBXProject "NRGramKit" */;
			compatibilityVersion = "Xcode 3.2";
			developmentRegion = English;
			hasScannedForEncodings = 0;
			knownRegions = (
				en,
			);
			mainGroup = C4BC479A156FB08600EA15F7;
			productRefGroup = C4BC47A6156FB08600EA15F7 /* Products */;
			projectDirPath = "";
			projectRoot = "";
			targets = (
				C4BC47A4156FB08600EA15F7 /* NRGramKit */,
			);
		};
/* End PBXProject section */

/* Begin PBXShellScriptBuildPhase section */
		5856ED8B4D5346F1B2D77248 /* Copy Pods Resources */ = {
			isa = PBXShellScriptBuildPhase;
			buildActionMask = 2147483647;
			files = (
			);
			inputPaths = (
			);
			name = "Copy Pods Resources";
			outputPaths = (
			);
			runOnlyForDeploymentPostprocessing = 0;
			shellPath = /bin/sh;
			shellScript = "\"${SRCROOT}/Pods/Pods-resources.sh\"\n";
		};
		B4C121CB7EBA41DCAA5909FC /* Check Pods Manifest.lock */ = {
			isa = PBXShellScriptBuildPhase;
			buildActionMask = 2147483647;
			files = (
			);
			inputPaths = (
			);
			name = "Check Pods Manifest.lock";
			outputPaths = (
			);
			runOnlyForDeploymentPostprocessing = 0;
			shellPath = /bin/sh;
			shellScript = "diff \"${PODS_ROOT}/../Podfile.lock\" \"${PODS_ROOT}/Manifest.lock\" > /dev/null\nif [[ $? != 0 ]] ; then\n    cat << EOM\nerror: The sandbox is not in sync with the Podfile.lock. Run 'pod install' or update your CocoaPods installation.\nEOM\n    exit 1\nfi\n";
		};
/* End PBXShellScriptBuildPhase section */

/* Begin PBXSourcesBuildPhase section */
		C4BC47A1156FB08600EA15F7 /* Sources */ = {
			isa = PBXSourcesBuildPhase;
			buildActionMask = 2147483647;
			files = (
				C4BC47AF156FB08600EA15F7 /* NRGramKit.m in Sources */,
				C4BC47CB156FB0DF00EA15F7 /* InstagramEngine.m in Sources */,
				C4BC47CD156FB0DF00EA15F7 /* InstagramLoginDelegate.m in Sources */,
				C4BC47FD156FB16200EA15F7 /* IGComment.m in Sources */,
				C4BC47FF156FB16200EA15F7 /* IGImage.m in Sources */,
				C4BC4801156FB16200EA15F7 /* IGLocation.m in Sources */,
				C4BC4803156FB16200EA15F7 /* IGMedia.m in Sources */,
				C4BC4805156FB16200EA15F7 /* IGMetadata.m in Sources */,
				C4BC4807156FB16200EA15F7 /* IGPagination.m in Sources */,
				C4BC4809156FB16200EA15F7 /* IGSubscription.m in Sources */,
				C4BC480B156FB16200EA15F7 /* IGTag.m in Sources */,
				C4BC480D156FB16200EA15F7 /* IGUser.m in Sources */,
				C4BC480F156FB16200EA15F7 /* Notification.m in Sources */,
			);
			runOnlyForDeploymentPostprocessing = 0;
		};
/* End PBXSourcesBuildPhase section */

/* Begin XCBuildConfiguration section */
		C4BC47B0156FB08600EA15F7 /* Debug */ = {
			isa = XCBuildConfiguration;
			buildSettings = {
				ARCHS = "$(ARCHS_STANDARD_32_BIT)";
				CLANG_ENABLE_OBJC_ARC = YES;
				CLANG_WARN_CONSTANT_CONVERSION = YES;
				CLANG_WARN_ENUM_CONVERSION = YES;
				CLANG_WARN_INT_CONVERSION = YES;
				CLANG_WARN__DUPLICATE_METHOD_MATCH = YES;
				COPY_PHASE_STRIP = NO;
				GCC_C_LANGUAGE_STANDARD = gnu99;
				GCC_DYNAMIC_NO_PIC = NO;
				GCC_OPTIMIZATION_LEVEL = 0;
				GCC_PREPROCESSOR_DEFINITIONS = (
					"DEBUG=1",
					"$(inherited)",
				);
				GCC_SYMBOLS_PRIVATE_EXTERN = NO;
				GCC_VERSION = com.apple.compilers.llvm.clang.1_0;
				GCC_WARN_ABOUT_RETURN_TYPE = YES;
				GCC_WARN_UNINITIALIZED_AUTOS = YES;
				GCC_WARN_UNUSED_VARIABLE = YES;
				IPHONEOS_DEPLOYMENT_TARGET = 5.1;
				SDKROOT = iphoneos;
			};
			name = Debug;
		};
		C4BC47B1156FB08600EA15F7 /* Release */ = {
			isa = XCBuildConfiguration;
			buildSettings = {
				ARCHS = "$(ARCHS_STANDARD_32_BIT)";
				CLANG_ENABLE_OBJC_ARC = YES;
				CLANG_WARN_CONSTANT_CONVERSION = YES;
				CLANG_WARN_ENUM_CONVERSION = YES;
				CLANG_WARN_INT_CONVERSION = YES;
				CLANG_WARN__DUPLICATE_METHOD_MATCH = YES;
				COPY_PHASE_STRIP = YES;
				GCC_C_LANGUAGE_STANDARD = gnu99;
				GCC_VERSION = com.apple.compilers.llvm.clang.1_0;
				GCC_WARN_ABOUT_RETURN_TYPE = YES;
				GCC_WARN_UNINITIALIZED_AUTOS = YES;
				GCC_WARN_UNUSED_VARIABLE = YES;
				IPHONEOS_DEPLOYMENT_TARGET = 5.1;
				SDKROOT = iphoneos;
				VALIDATE_PRODUCT = YES;
			};
			name = Release;
		};
		C4BC47B3156FB08600EA15F7 /* Debug */ = {
			isa = XCBuildConfiguration;
			baseConfigurationReference = BEDDD505C96F40DBA74EBA5B /* Pods.xcconfig */;
			buildSettings = {
				DSTROOT = /tmp/NRGramKit.dst;
				GCC_PRECOMPILE_PREFIX_HEADER = YES;
				GCC_PREFIX_HEADER = "NRGramKit/NRGramKit-Prefix.pch";
				PRODUCT_NAME = "$(TARGET_NAME)";
				SKIP_INSTALL = YES;
			};
			name = Debug;
		};
		C4BC47B4156FB08600EA15F7 /* Release */ = {
			isa = XCBuildConfiguration;
			baseConfigurationReference = BEDDD505C96F40DBA74EBA5B /* Pods.xcconfig */;
			buildSettings = {
				DSTROOT = /tmp/NRGramKit.dst;
				GCC_PRECOMPILE_PREFIX_HEADER = YES;
				GCC_PREFIX_HEADER = "NRGramKit/NRGramKit-Prefix.pch";
				PRODUCT_NAME = "$(TARGET_NAME)";
				SKIP_INSTALL = YES;
			};
			name = Release;
		};
/* End XCBuildConfiguration section */

/* Begin XCConfigurationList section */
		C4BC479F156FB08600EA15F7 /* Build configuration list for PBXProject "NRGramKit" */ = {
			isa = XCConfigurationList;
			buildConfigurations = (
				C4BC47B0156FB08600EA15F7 /* Debug */,
				C4BC47B1156FB08600EA15F7 /* Release */,
			);
			defaultConfigurationIsVisible = 0;
			defaultConfigurationName = Release;
		};
		C4BC47B2156FB08600EA15F7 /* Build configuration list for PBXNativeTarget "NRGramKit" */ = {
			isa = XCConfigurationList;
			buildConfigurations = (
				C4BC47B3156FB08600EA15F7 /* Debug */,
				C4BC47B4156FB08600EA15F7 /* Release */,
			);
			defaultConfigurationIsVisible = 0;
			defaultConfigurationName = Release;
		};
/* End XCConfigurationList section */
	};
	rootObject = C4BC479C156FB08600EA15F7 /* Project object */;
}
